
Microsoft Visual Studio Solution File, Format Version 12.00
# Visual Studio 15
VisualStudioVersion = 15.0.27004.2005
MinimumVisualStudioVersion = 10.0.40219.1
Project("{8BC9CEB8-8B4A-11D0-8D11-00A0C91BC942}") = "Lab 3.4.7 (1)", "Lab 3.4.7 (1)\Lab 3.4.7 (1).vcxproj", "{5AE0744A-872E-4671-B51A-BF6E74E4A1EC}"
EndProject
Global
	GlobalSection(SolutionConfigurationPlatforms) = preSolution
		Debug|x64 = Debug|x64
		Debug|x86 = Debug|x86
		Release|x64 = Release|x64
		Release|x86 = Release|x86
	EndGlobalSection
	GlobalSection(ProjectConfigurationPlatforms) = postSolution
		{5AE0744A-872E-4671-B51A-BF6E74E4A1EC}.Debug|x64.ActiveCfg = Debug|x64
		{5AE0744A-872E-4671-B51A-BF6E74E4A1EC}.Debug|x64.Build.0 = Debug|x64
		{5AE0744A-872E-4671-B51A-BF6E74E4A1EC}.Debug|x86.ActiveCfg = Debug|Win32
		{5AE0744A-872E-4671-B51A-BF6E74E4A1EC}.Debug|x86.Build.0 = Debug|Win32
		{5AE0744A-872E-4671-B51A-BF6E74E4A1EC}.Release|x64.ActiveCfg = Release|x64
		{5AE0744A-872E-4671-B51A-BF6E74E4A1EC}.Release|x64.Build.0 = Release|x64
		{5AE0744A-872E-4671-B51A-BF6E74E4A1EC}.Release|x86.ActiveCfg = Release|Win32
		{5AE0744A-872E-4671-B51A-BF6E74E4A1EC}.Release|x86.Build.0 = Release|Win32
	EndGlobalSection
	GlobalSection(SolutionProperties) = preSolution
		HideSolutionNode = FALSE
	EndGlobalSection
	GlobalSection(ExtensibilityGlobals) = postSolution
		SolutionGuid = {72EBFECB-94D7-41D8-9BAC-9A3958A27EF4}
	EndGlobalSection
EndGlobal
